
Microsoft Visual Studio Solution File, Format Version 12.00
# Visual Studio 15
VisualStudioVersion = 15.0.27130.2010
MinimumVisualStudioVersion = 10.0.40219.1
Project("{FAE04EC0-301F-11D3-BF4B-00C04F79EFBC}") = "MVC_Emlak_Sitesi", "MVC_Emlak_Sitesi\MVC_Emlak_Sitesi.csproj", "{D12C8F76-7ED4-455E-B526-00999A8A9788}"
EndProject
Global
	GlobalSection(SolutionConfigurationPlatforms) = preSolution
		Debug|Any CPU = Debug|Any CPU
		Release|Any CPU = Release|Any CPU
	EndGlobalSection
	GlobalSection(ProjectConfigurationPlatforms) = postSolution
		{D12C8F76-7ED4-455E-B526-00999A8A9788}.Debug|Any CPU.ActiveCfg = Debug|Any CPU
		{D12C8F76-7ED4-455E-B526-00999A8A9788}.Debug|Any CPU.Build.0 = Debug|Any CPU
		{D12C8F76-7ED4-455E-B526-00999A8A9788}.Release|Any CPU.ActiveCfg = Release|Any CPU
		{D12C8F76-7ED4-455E-B526-00999A8A9788}.Release|Any CPU.Build.0 = Release|Any CPU
	EndGlobalSection
	GlobalSection(SolutionProperties) = preSolution
		HideSolutionNode = FALSE
	EndGlobalSection
	GlobalSection(ExtensibilityGlobals) = postSolution
		SolutionGuid = {3A102456-3109-402F-893B-C1F2452AA440}
	EndGlobalSection
	GlobalSection(TeamFoundationVersionControl) = preSolution
		SccNumberOfProjects = 2
		SccEnterpriseProvider = {4CA58AB2-18FA-4F8D-95D4-32DDF27D184C}
		SccTeamFoundationServer = https://karamuklu.visualstudio.com/
		SccLocalPath0 = .
		SccProjectUniqueName1 = MVC_Emlak_Sitesi\\MVC_Emlak_Sitesi.csproj
		SccProjectName1 = MVC_Emlak_Sitesi
		SccLocalPath1 = MVC_Emlak_Sitesi
	EndGlobalSection
EndGlobal
